
Microsoft Visual Studio Solution File, Format Version 12.00
# Visual Studio Version 16
VisualStudioVersion = 16.0.31624.102
MinimumVisualStudioVersion = 10.0.40219.1
Project("{888888A0-9F3D-457C-B088-3A5042F75D52}") = "BiLSTM_Random", "BiLSTM_Random.pyproj", "{66A0CCD5-1415-440B-93E4-9234A310892C}"
EndProject
Global
	GlobalSection(SolutionConfigurationPlatforms) = preSolution
		Debug|Any CPU = Debug|Any CPU
		Release|Any CPU = Release|Any CPU
	EndGlobalSection
	GlobalSection(ProjectConfigurationPlatforms) = postSolution
		{66A0CCD5-1415-440B-93E4-9234A310892C}.Debug|Any CPU.ActiveCfg = Debug|Any CPU
		{66A0CCD5-1415-440B-93E4-9234A310892C}.Release|Any CPU.ActiveCfg = Release|Any CPU
	EndGlobalSection
	GlobalSection(SolutionProperties) = preSolution
		HideSolutionNode = FALSE
	EndGlobalSection
	GlobalSection(ExtensibilityGlobals) = postSolution
		SolutionGuid = {9E22953A-796C-45EA-9A78-8D0964F7379D}
	EndGlobalSection
EndGlobal
